
Microsoft Visual Studio Solution File, Format Version 12.00
# Visual Studio 14
VisualStudioVersion = 14.0.24720.0
MinimumVisualStudioVersion = 10.0.40219.1
Project("{FAE04EC0-301F-11D3-BF4B-00C04F79EFBC}") = "Incontra.Packer.Core", "Incontra.Packer.Core\Incontra.Packer.Core.csproj", "{E76E2824-5070-4AC6-852B-3EF63A6B8316}"
EndProject
Project("{FAE04EC0-301F-11D3-BF4B-00C04F79EFBC}") = "Incontra.Packer.Data", "Incontra.Packer.Data\Incontra.Packer.Data.csproj", "{B3BDDDC3-02DD-492A-AA3B-76C0D7C3087F}"
EndProject
Project("{FAE04EC0-301F-11D3-BF4B-00C04F79EFBC}") = "Incontra.Packer.Api", "Incontra.Packer.Api\Incontra.Packer.Api.csproj", "{EB760B7C-490E-4CE0-A5C4-8A8E14F142C1}"
EndProject
Project("{FAE04EC0-301F-11D3-BF4B-00C04F79EFBC}") = "Incontra.Packer.Web", "Incontra.Packer.Web\Incontra.Packer.Web.csproj", "{0F866E06-21A7-4E0F-9861-1415ECFBEB05}"
EndProject
Project("{FAE04EC0-301F-11D3-BF4B-00C04F79EFBC}") = "Incontra.Packer.Console", "Incontra.Packer.Console\Incontra.Packer.Console.csproj", "{C49BC361-40D8-4743-83D7-C6D56485CB96}"
EndProject
Project("{00D1A9C2-B5F0-4AF3-8072-F6C62B433612}") = "Incontra.Packer.Database", "Incontra.Packer.Database\Incontra.Packer.Database.sqlproj", "{8B2CC8E5-935B-4E33-89DC-A62E95F016D0}"
EndProject
Global
	GlobalSection(SolutionConfigurationPlatforms) = preSolution
		Debug|Any CPU = Debug|Any CPU
		Release|Any CPU = Release|Any CPU
	EndGlobalSection
	GlobalSection(ProjectConfigurationPlatforms) = postSolution
		{E76E2824-5070-4AC6-852B-3EF63A6B8316}.Debug|Any CPU.ActiveCfg = Debug|Any CPU
		{E76E2824-5070-4AC6-852B-3EF63A6B8316}.Debug|Any CPU.Build.0 = Debug|Any CPU
		{E76E2824-5070-4AC6-852B-3EF63A6B8316}.Release|Any CPU.ActiveCfg = Release|Any CPU
		{E76E2824-5070-4AC6-852B-3EF63A6B8316}.Release|Any CPU.Build.0 = Release|Any CPU
		{B3BDDDC3-02DD-492A-AA3B-76C0D7C3087F}.Debug|Any CPU.ActiveCfg = Debug|Any CPU
		{B3BDDDC3-02DD-492A-AA3B-76C0D7C3087F}.Debug|Any CPU.Build.0 = Debug|Any CPU
		{B3BDDDC3-02DD-492A-AA3B-76C0D7C3087F}.Release|Any CPU.ActiveCfg = Release|Any CPU
		{B3BDDDC3-02DD-492A-AA3B-76C0D7C3087F}.Release|Any CPU.Build.0 = Release|Any CPU
		{EB760B7C-490E-4CE0-A5C4-8A8E14F142C1}.Debug|Any CPU.ActiveCfg = Debug|Any CPU
		{EB760B7C-490E-4CE0-A5C4-8A8E14F142C1}.Debug|Any CPU.Build.0 = Debug|Any CPU
		{EB760B7C-490E-4CE0-A5C4-8A8E14F142C1}.Release|Any CPU.ActiveCfg = Release|Any CPU
		{EB760B7C-490E-4CE0-A5C4-8A8E14F142C1}.Release|Any CPU.Build.0 = Release|Any CPU
		{0F866E06-21A7-4E0F-9861-1415ECFBEB05}.Debug|Any CPU.ActiveCfg = Debug|Any CPU
		{0F866E06-21A7-4E0F-9861-1415ECFBEB05}.Debug|Any CPU.Build.0 = Debug|Any CPU
		{0F866E06-21A7-4E0F-9861-1415ECFBEB05}.Release|Any CPU.ActiveCfg = Release|Any CPU
		{0F866E06-21A7-4E0F-9861-1415ECFBEB05}.Release|Any CPU.Build.0 = Release|Any CPU
		{C49BC361-40D8-4743-83D7-C6D56485CB96}.Debug|Any CPU.ActiveCfg = Debug|Any CPU
		{C49BC361-40D8-4743-83D7-C6D56485CB96}.Debug|Any CPU.Build.0 = Debug|Any CPU
		{C49BC361-40D8-4743-83D7-C6D56485CB96}.Release|Any CPU.ActiveCfg = Release|Any CPU
		{C49BC361-40D8-4743-83D7-C6D56485CB96}.Release|Any CPU.Build.0 = Release|Any CPU
		{8B2CC8E5-935B-4E33-89DC-A62E95F016D0}.Debug|Any CPU.ActiveCfg = Debug|Any CPU
		{8B2CC8E5-935B-4E33-89DC-A62E95F016D0}.Debug|Any CPU.Build.0 = Debug|Any CPU
		{8B2CC8E5-935B-4E33-89DC-A62E95F016D0}.Debug|Any CPU.Deploy.0 = Debug|Any CPU
		{8B2CC8E5-935B-4E33-89DC-A62E95F016D0}.Release|Any CPU.ActiveCfg = Release|Any CPU
		{8B2CC8E5-935B-4E33-89DC-A62E95F016D0}.Release|Any CPU.Build.0 = Release|Any CPU
		{8B2CC8E5-935B-4E33-89DC-A62E95F016D0}.Release|Any CPU.Deploy.0 = Release|Any CPU
	EndGlobalSection
	GlobalSection(SolutionProperties) = preSolution
		HideSolutionNode = FALSE
	EndGlobalSection
EndGlobal
